
Microsoft Visual Studio Solution File, Format Version 12.00
# Visual Studio Version 16
VisualStudioVersion = 16.0.30413.136
MinimumVisualStudioVersion = 10.0.40219.1
Project("{9A19103F-16F7-4668-BE54-9A1E7A4F7556}") = "PqAppAma", "PqAppAma\PqAppAma.csproj", "{530CE37D-7AB3-4271-AF65-44A99650729D}"
EndProject
Project("{FAE04EC0-301F-11D3-BF4B-00C04F79EFBC}") = "TipCalculator", "TipCalculator\TipCalculator.csproj", "{08BBF857-6CFD-41DC-91AD-78A53042FAC5}"
EndProject
Global
	GlobalSection(SolutionConfigurationPlatforms) = preSolution
		Debug|Any CPU = Debug|Any CPU
		Release|Any CPU = Release|Any CPU
	EndGlobalSection
	GlobalSection(ProjectConfigurationPlatforms) = postSolution
		{530CE37D-7AB3-4271-AF65-44A99650729D}.Debug|Any CPU.ActiveCfg = Debug|Any CPU
		{530CE37D-7AB3-4271-AF65-44A99650729D}.Debug|Any CPU.Build.0 = Debug|Any CPU
		{530CE37D-7AB3-4271-AF65-44A99650729D}.Release|Any CPU.ActiveCfg = Release|Any CPU
		{530CE37D-7AB3-4271-AF65-44A99650729D}.Release|Any CPU.Build.0 = Release|Any CPU
		{08BBF857-6CFD-41DC-91AD-78A53042FAC5}.Debug|Any CPU.ActiveCfg = Debug|Any CPU
		{08BBF857-6CFD-41DC-91AD-78A53042FAC5}.Debug|Any CPU.Build.0 = Debug|Any CPU
		{08BBF857-6CFD-41DC-91AD-78A53042FAC5}.Release|Any CPU.ActiveCfg = Release|Any CPU
		{08BBF857-6CFD-41DC-91AD-78A53042FAC5}.Release|Any CPU.Build.0 = Release|Any CPU
	EndGlobalSection
	GlobalSection(SolutionProperties) = preSolution
		HideSolutionNode = FALSE
	EndGlobalSection
	GlobalSection(ExtensibilityGlobals) = postSolution
		SolutionGuid = {5A2F13E6-E17F-423E-8BC5-9C34E68853B0}
	EndGlobalSection
EndGlobal
