
Microsoft Visual Studio Solution File, Format Version 12.00
# Visual Studio Version 16
VisualStudioVersion = 16.0.30413.136
MinimumVisualStudioVersion = 10.0.40219.1
Project("{9A19103F-16F7-4668-BE54-9A1E7A4F7556}") = "AndersonAsiaLab4", "AndersonAsiaLab4.csproj", "{52867070-1042-433E-8B66-19568F3F6937}"
EndProject
Project("{FAE04EC0-301F-11D3-BF4B-00C04F79EFBC}") = "TestContactManager", "..\TestContactManager\TestContactManager.csproj", "{1949AC3B-0C87-4E6E-A626-62F96F5E3415}"
EndProject
Global
	GlobalSection(SolutionConfigurationPlatforms) = preSolution
		Debug|Any CPU = Debug|Any CPU
		Release|Any CPU = Release|Any CPU
	EndGlobalSection
	GlobalSection(ProjectConfigurationPlatforms) = postSolution
		{52867070-1042-433E-8B66-19568F3F6937}.Debug|Any CPU.ActiveCfg = Debug|Any CPU
		{52867070-1042-433E-8B66-19568F3F6937}.Debug|Any CPU.Build.0 = Debug|Any CPU
		{52867070-1042-433E-8B66-19568F3F6937}.Release|Any CPU.ActiveCfg = Release|Any CPU
		{52867070-1042-433E-8B66-19568F3F6937}.Release|Any CPU.Build.0 = Release|Any CPU
		{1949AC3B-0C87-4E6E-A626-62F96F5E3415}.Debug|Any CPU.ActiveCfg = Debug|Any CPU
		{1949AC3B-0C87-4E6E-A626-62F96F5E3415}.Debug|Any CPU.Build.0 = Debug|Any CPU
		{1949AC3B-0C87-4E6E-A626-62F96F5E3415}.Release|Any CPU.ActiveCfg = Release|Any CPU
		{1949AC3B-0C87-4E6E-A626-62F96F5E3415}.Release|Any CPU.Build.0 = Release|Any CPU
	EndGlobalSection
	GlobalSection(SolutionProperties) = preSolution
		HideSolutionNode = FALSE
	EndGlobalSection
	GlobalSection(ExtensibilityGlobals) = postSolution
		SolutionGuid = {0FB86329-269F-41DA-B6FC-629D3C9148B7}
	EndGlobalSection
EndGlobal
